
Microsoft Visual Studio Solution File, Format Version 12.00
# Visual Studio Version 17
VisualStudioVersion = 17.3.32825.248
MinimumVisualStudioVersion = 10.0.40219.1
Project("{FAE04EC0-301F-11D3-BF4B-00C04F79EFBC}") = "Pagamento", "Pagamento\Pagamento.csproj", "{58BB5320-4515-4657-8517-5CD8AB7A2B55}"
EndProject
Global
	GlobalSection(SolutionConfigurationPlatforms) = preSolution
		Debug|Any CPU = Debug|Any CPU
		Release|Any CPU = Release|Any CPU
	EndGlobalSection
	GlobalSection(ProjectConfigurationPlatforms) = postSolution
		{58BB5320-4515-4657-8517-5CD8AB7A2B55}.Debug|Any CPU.ActiveCfg = Debug|Any CPU
		{58BB5320-4515-4657-8517-5CD8AB7A2B55}.Debug|Any CPU.Build.0 = Debug|Any CPU
		{58BB5320-4515-4657-8517-5CD8AB7A2B55}.Release|Any CPU.ActiveCfg = Release|Any CPU
		{58BB5320-4515-4657-8517-5CD8AB7A2B55}.Release|Any CPU.Build.0 = Release|Any CPU
	EndGlobalSection
	GlobalSection(SolutionProperties) = preSolution
		HideSolutionNode = FALSE
	EndGlobalSection
	GlobalSection(ExtensibilityGlobals) = postSolution
		SolutionGuid = {544537E1-520B-49D2-96D2-6F532E39F8A9}
	EndGlobalSection
EndGlobal
