
Microsoft Visual Studio Solution File, Format Version 12.00
# Visual Studio Version 17
VisualStudioVersion = 17.3.32825.248
MinimumVisualStudioVersion = 10.0.40219.1
Project("{FAE04EC0-301F-11D3-BF4B-00C04F79EFBC}") = "Retangulo", "Retangulo\Retangulo.csproj", "{D6E28802-4B57-412E-845C-862BA597A286}"
EndProject
Global
	GlobalSection(SolutionConfigurationPlatforms) = preSolution
		Debug|Any CPU = Debug|Any CPU
		Release|Any CPU = Release|Any CPU
	EndGlobalSection
	GlobalSection(ProjectConfigurationPlatforms) = postSolution
		{D6E28802-4B57-412E-845C-862BA597A286}.Debug|Any CPU.ActiveCfg = Debug|Any CPU
		{D6E28802-4B57-412E-845C-862BA597A286}.Debug|Any CPU.Build.0 = Debug|Any CPU
		{D6E28802-4B57-412E-845C-862BA597A286}.Release|Any CPU.ActiveCfg = Release|Any CPU
		{D6E28802-4B57-412E-845C-862BA597A286}.Release|Any CPU.Build.0 = Release|Any CPU
	EndGlobalSection
	GlobalSection(SolutionProperties) = preSolution
		HideSolutionNode = FALSE
	EndGlobalSection
	GlobalSection(ExtensibilityGlobals) = postSolution
		SolutionGuid = {A1FF04A0-2DB3-451E-9A69-DFFF659BC14E}
	EndGlobalSection
EndGlobal
