
Microsoft Visual Studio Solution File, Format Version 12.00
# Visual Studio Version 17
VisualStudioVersion = 17.3.32825.248
MinimumVisualStudioVersion = 10.0.40219.1
Project("{FAE04EC0-301F-11D3-BF4B-00C04F79EFBC}") = "Terreno", "Terreno\Terreno.csproj", "{99FE045C-A1AA-4036-952E-0E04E44A3FE3}"
EndProject
Global
	GlobalSection(SolutionConfigurationPlatforms) = preSolution
		Debug|Any CPU = Debug|Any CPU
		Release|Any CPU = Release|Any CPU
	EndGlobalSection
	GlobalSection(ProjectConfigurationPlatforms) = postSolution
		{99FE045C-A1AA-4036-952E-0E04E44A3FE3}.Debug|Any CPU.ActiveCfg = Debug|Any CPU
		{99FE045C-A1AA-4036-952E-0E04E44A3FE3}.Debug|Any CPU.Build.0 = Debug|Any CPU
		{99FE045C-A1AA-4036-952E-0E04E44A3FE3}.Release|Any CPU.ActiveCfg = Release|Any CPU
		{99FE045C-A1AA-4036-952E-0E04E44A3FE3}.Release|Any CPU.Build.0 = Release|Any CPU
	EndGlobalSection
	GlobalSection(SolutionProperties) = preSolution
		HideSolutionNode = FALSE
	EndGlobalSection
	GlobalSection(ExtensibilityGlobals) = postSolution
		SolutionGuid = {004E956B-0718-4350-841E-06541728343A}
	EndGlobalSection
EndGlobal
