
Microsoft Visual Studio Solution File, Format Version 12.00
# Visual Studio Version 17
VisualStudioVersion = 17.3.32825.248
MinimumVisualStudioVersion = 10.0.40219.1
Project("{FAE04EC0-301F-11D3-BF4B-00C04F79EFBC}") = "Troco", "Troco\Troco.csproj", "{42AE9513-1F26-43C4-9D64-E755662C85C7}"
EndProject
Global
	GlobalSection(SolutionConfigurationPlatforms) = preSolution
		Debug|Any CPU = Debug|Any CPU
		Release|Any CPU = Release|Any CPU
	EndGlobalSection
	GlobalSection(ProjectConfigurationPlatforms) = postSolution
		{42AE9513-1F26-43C4-9D64-E755662C85C7}.Debug|Any CPU.ActiveCfg = Debug|Any CPU
		{42AE9513-1F26-43C4-9D64-E755662C85C7}.Debug|Any CPU.Build.0 = Debug|Any CPU
		{42AE9513-1F26-43C4-9D64-E755662C85C7}.Release|Any CPU.ActiveCfg = Release|Any CPU
		{42AE9513-1F26-43C4-9D64-E755662C85C7}.Release|Any CPU.Build.0 = Release|Any CPU
	EndGlobalSection
	GlobalSection(SolutionProperties) = preSolution
		HideSolutionNode = FALSE
	EndGlobalSection
	GlobalSection(ExtensibilityGlobals) = postSolution
		SolutionGuid = {C3C032E6-620E-4D19-8083-09AB607EB7E0}
	EndGlobalSection
EndGlobal
