
Microsoft Visual Studio Solution File, Format Version 12.00
# Visual Studio Version 17
VisualStudioVersion = 17.3.32825.248
MinimumVisualStudioVersion = 10.0.40219.1
Project("{FAE04EC0-301F-11D3-BF4B-00C04F79EFBC}") = "Aprovados", "Aprovados\Aprovados.csproj", "{D2AA949F-7C86-44C1-9506-785611D3CC49}"
EndProject
Global
	GlobalSection(SolutionConfigurationPlatforms) = preSolution
		Debug|Any CPU = Debug|Any CPU
		Release|Any CPU = Release|Any CPU
	EndGlobalSection
	GlobalSection(ProjectConfigurationPlatforms) = postSolution
		{D2AA949F-7C86-44C1-9506-785611D3CC49}.Debug|Any CPU.ActiveCfg = Debug|Any CPU
		{D2AA949F-7C86-44C1-9506-785611D3CC49}.Debug|Any CPU.Build.0 = Debug|Any CPU
		{D2AA949F-7C86-44C1-9506-785611D3CC49}.Release|Any CPU.ActiveCfg = Release|Any CPU
		{D2AA949F-7C86-44C1-9506-785611D3CC49}.Release|Any CPU.Build.0 = Release|Any CPU
	EndGlobalSection
	GlobalSection(SolutionProperties) = preSolution
		HideSolutionNode = FALSE
	EndGlobalSection
	GlobalSection(ExtensibilityGlobals) = postSolution
		SolutionGuid = {D4C1A23C-9709-4B61-A9FE-54EBD88258AD}
	EndGlobalSection
EndGlobal
