
Microsoft Visual Studio Solution File, Format Version 12.00
# Visual Studio Version 17
VisualStudioVersion = 17.3.32825.248
MinimumVisualStudioVersion = 10.0.40219.1
Project("{FAE04EC0-301F-11D3-BF4B-00C04F79EFBC}") = "DentroFora", "DentroFora\DentroFora.csproj", "{19E36B41-5298-48DA-9CB6-AE062CB3DD85}"
EndProject
Global
	GlobalSection(SolutionConfigurationPlatforms) = preSolution
		Debug|Any CPU = Debug|Any CPU
		Release|Any CPU = Release|Any CPU
	EndGlobalSection
	GlobalSection(ProjectConfigurationPlatforms) = postSolution
		{19E36B41-5298-48DA-9CB6-AE062CB3DD85}.Debug|Any CPU.ActiveCfg = Debug|Any CPU
		{19E36B41-5298-48DA-9CB6-AE062CB3DD85}.Debug|Any CPU.Build.0 = Debug|Any CPU
		{19E36B41-5298-48DA-9CB6-AE062CB3DD85}.Release|Any CPU.ActiveCfg = Release|Any CPU
		{19E36B41-5298-48DA-9CB6-AE062CB3DD85}.Release|Any CPU.Build.0 = Release|Any CPU
	EndGlobalSection
	GlobalSection(SolutionProperties) = preSolution
		HideSolutionNode = FALSE
	EndGlobalSection
	GlobalSection(ExtensibilityGlobals) = postSolution
		SolutionGuid = {50085A6A-DC02-4E4A-90E3-7BDE45762B8B}
	EndGlobalSection
EndGlobal
