
Microsoft Visual Studio Solution File, Format Version 12.00
# Visual Studio Version 17
VisualStudioVersion = 17.3.32825.248
MinimumVisualStudioVersion = 10.0.40219.1
Project("{FAE04EC0-301F-11D3-BF4B-00C04F79EFBC}") = "Tabuada de 4", "Tabuada de 4\Tabuada de 4.csproj", "{FF23E36A-1FEB-4551-926A-6528303AA6C3}"
EndProject
Global
	GlobalSection(SolutionConfigurationPlatforms) = preSolution
		Debug|Any CPU = Debug|Any CPU
		Release|Any CPU = Release|Any CPU
	EndGlobalSection
	GlobalSection(ProjectConfigurationPlatforms) = postSolution
		{FF23E36A-1FEB-4551-926A-6528303AA6C3}.Debug|Any CPU.ActiveCfg = Debug|Any CPU
		{FF23E36A-1FEB-4551-926A-6528303AA6C3}.Debug|Any CPU.Build.0 = Debug|Any CPU
		{FF23E36A-1FEB-4551-926A-6528303AA6C3}.Release|Any CPU.ActiveCfg = Release|Any CPU
		{FF23E36A-1FEB-4551-926A-6528303AA6C3}.Release|Any CPU.Build.0 = Release|Any CPU
	EndGlobalSection
	GlobalSection(SolutionProperties) = preSolution
		HideSolutionNode = FALSE
	EndGlobalSection
	GlobalSection(ExtensibilityGlobals) = postSolution
		SolutionGuid = {0BFBA336-6329-464D-AB47-B45C4A070D59}
	EndGlobalSection
EndGlobal
