
Microsoft Visual Studio Solution File, Format Version 12.00
# Visual Studio Version 17
VisualStudioVersion = 17.3.32825.248
MinimumVisualStudioVersion = 10.0.40219.1
Project("{FAE04EC0-301F-11D3-BF4B-00C04F79EFBC}") = "SomaMatrizes", "SomaMatrizes\SomaMatrizes.csproj", "{A97F850C-78FD-4E7E-957E-162D7B1BB951}"
EndProject
Global
	GlobalSection(SolutionConfigurationPlatforms) = preSolution
		Debug|Any CPU = Debug|Any CPU
		Release|Any CPU = Release|Any CPU
	EndGlobalSection
	GlobalSection(ProjectConfigurationPlatforms) = postSolution
		{A97F850C-78FD-4E7E-957E-162D7B1BB951}.Debug|Any CPU.ActiveCfg = Debug|Any CPU
		{A97F850C-78FD-4E7E-957E-162D7B1BB951}.Debug|Any CPU.Build.0 = Debug|Any CPU
		{A97F850C-78FD-4E7E-957E-162D7B1BB951}.Release|Any CPU.ActiveCfg = Release|Any CPU
		{A97F850C-78FD-4E7E-957E-162D7B1BB951}.Release|Any CPU.Build.0 = Release|Any CPU
	EndGlobalSection
	GlobalSection(SolutionProperties) = preSolution
		HideSolutionNode = FALSE
	EndGlobalSection
	GlobalSection(ExtensibilityGlobals) = postSolution
		SolutionGuid = {1A335A7C-CF83-4903-9BB5-4FD77DCAE8D9}
	EndGlobalSection
EndGlobal
