
Microsoft Visual Studio Solution File, Format Version 12.00
# Visual Studio Version 17
VisualStudioVersion = 17.3.32825.248
MinimumVisualStudioVersion = 10.0.40219.1
Project("{FAE04EC0-301F-11D3-BF4B-00C04F79EFBC}") = "Aumento", "Aumento\Aumento.csproj", "{0F00A81D-BE65-42D3-905C-957060E0BFA0}"
EndProject
Global
	GlobalSection(SolutionConfigurationPlatforms) = preSolution
		Debug|Any CPU = Debug|Any CPU
		Release|Any CPU = Release|Any CPU
	EndGlobalSection
	GlobalSection(ProjectConfigurationPlatforms) = postSolution
		{0F00A81D-BE65-42D3-905C-957060E0BFA0}.Debug|Any CPU.ActiveCfg = Debug|Any CPU
		{0F00A81D-BE65-42D3-905C-957060E0BFA0}.Debug|Any CPU.Build.0 = Debug|Any CPU
		{0F00A81D-BE65-42D3-905C-957060E0BFA0}.Release|Any CPU.ActiveCfg = Release|Any CPU
		{0F00A81D-BE65-42D3-905C-957060E0BFA0}.Release|Any CPU.Build.0 = Release|Any CPU
	EndGlobalSection
	GlobalSection(SolutionProperties) = preSolution
		HideSolutionNode = FALSE
	EndGlobalSection
	GlobalSection(ExtensibilityGlobals) = postSolution
		SolutionGuid = {7AFFE207-DD7B-44CD-941A-B1B036853544}
	EndGlobalSection
EndGlobal
