
Microsoft Visual Studio Solution File, Format Version 12.00
# Visual Studio Version 17
VisualStudioVersion = 17.3.32825.248
MinimumVisualStudioVersion = 10.0.40219.1
Project("{FAE04EC0-301F-11D3-BF4B-00C04F79EFBC}") = "Menor de Tres", "Menor de Tres\Menor de Tres.csproj", "{456E09D3-32A6-4E6C-9944-879767D7231D}"
EndProject
Global
	GlobalSection(SolutionConfigurationPlatforms) = preSolution
		Debug|Any CPU = Debug|Any CPU
		Release|Any CPU = Release|Any CPU
	EndGlobalSection
	GlobalSection(ProjectConfigurationPlatforms) = postSolution
		{456E09D3-32A6-4E6C-9944-879767D7231D}.Debug|Any CPU.ActiveCfg = Debug|Any CPU
		{456E09D3-32A6-4E6C-9944-879767D7231D}.Debug|Any CPU.Build.0 = Debug|Any CPU
		{456E09D3-32A6-4E6C-9944-879767D7231D}.Release|Any CPU.ActiveCfg = Release|Any CPU
		{456E09D3-32A6-4E6C-9944-879767D7231D}.Release|Any CPU.Build.0 = Release|Any CPU
	EndGlobalSection
	GlobalSection(SolutionProperties) = preSolution
		HideSolutionNode = FALSE
	EndGlobalSection
	GlobalSection(ExtensibilityGlobals) = postSolution
		SolutionGuid = {AEA0D5D5-99A1-4655-9AA9-5D4A0F5F74B3}
	EndGlobalSection
EndGlobal
