
Microsoft Visual Studio Solution File, Format Version 12.00
# Visual Studio Version 17
VisualStudioVersion = 17.3.32825.248
MinimumVisualStudioVersion = 10.0.40219.1
Project("{FAE04EC0-301F-11D3-BF4B-00C04F79EFBC}") = "Crescente", "Crescente\Crescente.csproj", "{6FB74209-B6C6-49EF-9FE4-3190476723D4}"
EndProject
Global
	GlobalSection(SolutionConfigurationPlatforms) = preSolution
		Debug|Any CPU = Debug|Any CPU
		Release|Any CPU = Release|Any CPU
	EndGlobalSection
	GlobalSection(ProjectConfigurationPlatforms) = postSolution
		{6FB74209-B6C6-49EF-9FE4-3190476723D4}.Debug|Any CPU.ActiveCfg = Debug|Any CPU
		{6FB74209-B6C6-49EF-9FE4-3190476723D4}.Debug|Any CPU.Build.0 = Debug|Any CPU
		{6FB74209-B6C6-49EF-9FE4-3190476723D4}.Release|Any CPU.ActiveCfg = Release|Any CPU
		{6FB74209-B6C6-49EF-9FE4-3190476723D4}.Release|Any CPU.Build.0 = Release|Any CPU
	EndGlobalSection
	GlobalSection(SolutionProperties) = preSolution
		HideSolutionNode = FALSE
	EndGlobalSection
	GlobalSection(ExtensibilityGlobals) = postSolution
		SolutionGuid = {11B1A1E4-BF66-4F30-8C7E-D63D9B04AE08}
	EndGlobalSection
EndGlobal
